
Microsoft Visual Studio Solution File, Format Version 11.00
# Visual Studio 2010
Project("{FAE04EC0-301F-11D3-BF4B-00C04F79EFBC}") = "TKB_G9_Service", "TKB_G9_Service\TKB_G9_Service.csproj", "{11826C90-BEAC-4BCD-998C-69FD0B3BFA5F}"
EndProject
Project("{FAE04EC0-301F-11D3-BF4B-00C04F79EFBC}") = "TKB_G9", "TKB_G9\TKB_G9.csproj", "{6C789ADF-2E58-43CA-91D4-5F77D2185A2D}"
EndProject
Global
	GlobalSection(SolutionConfigurationPlatforms) = preSolution
		Debug|Any CPU = Debug|Any CPU
		Release|Any CPU = Release|Any CPU
	EndGlobalSection
	GlobalSection(ProjectConfigurationPlatforms) = postSolution
		{11826C90-BEAC-4BCD-998C-69FD0B3BFA5F}.Debug|Any CPU.ActiveCfg = Debug|Any CPU
		{11826C90-BEAC-4BCD-998C-69FD0B3BFA5F}.Debug|Any CPU.Build.0 = Debug|Any CPU
		{11826C90-BEAC-4BCD-998C-69FD0B3BFA5F}.Release|Any CPU.ActiveCfg = Release|Any CPU
		{11826C90-BEAC-4BCD-998C-69FD0B3BFA5F}.Release|Any CPU.Build.0 = Release|Any CPU
		{6C789ADF-2E58-43CA-91D4-5F77D2185A2D}.Debug|Any CPU.ActiveCfg = Debug|Any CPU
		{6C789ADF-2E58-43CA-91D4-5F77D2185A2D}.Debug|Any CPU.Build.0 = Debug|Any CPU
		{6C789ADF-2E58-43CA-91D4-5F77D2185A2D}.Release|Any CPU.ActiveCfg = Release|Any CPU
		{6C789ADF-2E58-43CA-91D4-5F77D2185A2D}.Release|Any CPU.Build.0 = Release|Any CPU
	EndGlobalSection
	GlobalSection(SolutionProperties) = preSolution
		HideSolutionNode = FALSE
	EndGlobalSection
EndGlobal
